// !$*UTF8*$!
{
	archiveVersion = 1;
	classes = {
	};
	objectVersion = 55;
	objects = {

/* Begin PBXBuildFile section */
		7F1FB95029528FAF0067181E /* SeekBarView.swift in Sources */ = {isa = PBXBuildFile; fileRef = 7F1FB94F29528FAF0067181E /* SeekBarView.swift */; };
		7F3A366D2942BFC200E486EA /* ClipDetectionView.swift in Sources */ = {isa = PBXBuildFile; fileRef = 7F3A366C2942BFC200E486EA /* ClipDetectionView.swift */; };
		7FD3D74F2940324100A9A622 /* AutoClipApp.swift in Sources */ = {isa = PBXBuildFile; fileRef = 7FD3D74E2940324100A9A622 /* AutoClipApp.swift */; };
		7FD3D7512940324100A9A622 /* ContentView.swift in Sources */ = {isa = PBXBuildFile; fileRef = 7FD3D7502940324100A9A622 /* ContentView.swift */; };
		7FD3D7532940324500A9A622 /* Assets.xcassets in Resources */ = {isa = PBXBuildFile; fileRef = 7FD3D7522940324500A9A622 /* Assets.xcassets */; };
		7FD3D7562940324500A9A622 /* Preview Assets.xcassets in Resources */ = {isa = PBXBuildFile; fileRef = 7FD3D7552940324500A9A622 /* Preview Assets.xcassets */; };
		7FD3D75F2940344D00A9A622 /* LibraryView.swift in Sources */ = {isa = PBXBuildFile; fileRef = 7FD3D75E2940344D00A9A622 /* LibraryView.swift */; };
		7FD3D7682940542200A9A622 /* ProjectView.swift in Sources */ = {isa = PBXBuildFile; fileRef = 7FD3D7672940542200A9A622 /* ProjectView.swift */; };
		7FD3D76A294189D400A9A622 /* SettingView.swift in Sources */ = {isa = PBXBuildFile; fileRef = 7FD3D769294189D300A9A622 /* SettingView.swift */; };
		7FD3D76F2941AFF300A9A622 /* SettingViewModel.swift in Sources */ = {isa = PBXBuildFile; fileRef = 7FD3D76E2941AFF300A9A622 /* SettingViewModel.swift */; };
		7FF1B95E2947077E00F71AA6 /* VideoPlayerController.swift in Sources */ = {isa = PBXBuildFile; fileRef = 7FF1B95D2947077E00F71AA6 /* VideoPlayerController.swift */; };
		7FF1B96029470FDD00F71AA6 /* ButtonView.swift in Sources */ = {isa = PBXBuildFile; fileRef = 7FF1B95F29470FDC00F71AA6 /* ButtonView.swift */; };
/* End PBXBuildFile section */

/* Begin PBXFileReference section */
		7F1FB94F29528FAF0067181E /* SeekBarView.swift */ = {isa = PBXFileReference; lastKnownFileType = sourcecode.swift; path = SeekBarView.swift; sourceTree = "<group>"; };
		7F3A366C2942BFC200E486EA /* ClipDetectionView.swift */ = {isa = PBXFileReference; lastKnownFileType = sourcecode.swift; path = ClipDetectionView.swift; sourceTree = "<group>"; };
		7FD3D74B2940324100A9A622 /* AutoClip.app */ = {isa = PBXFileReference; explicitFileType = wrapper.application; includeInIndex = 0; path = AutoClip.app; sourceTree = BUILT_PRODUCTS_DIR; };
		7FD3D74E2940324100A9A622 /* AutoClipApp.swift */ = {isa = PBXFileReference; lastKnownFileType = sourcecode.swift; path = AutoClipApp.swift; sourceTree = "<group>"; };
		7FD3D7502940324100A9A622 /* ContentView.swift */ = {isa = PBXFileReference; lastKnownFileType = sourcecode.swift; path = ContentView.swift; sourceTree = "<group>"; };
		7FD3D7522940324500A9A622 /* Assets.xcassets */ = {isa = PBXFileReference; lastKnownFileType = folder.assetcatalog; path = Assets.xcassets; sourceTree = "<group>"; };
		7FD3D7552940324500A9A622 /* Preview Assets.xcassets */ = {isa = PBXFileReference; lastKnownFileType = folder.assetcatalog; path = "Preview Assets.xcassets"; sourceTree = "<group>"; };
		7FD3D75E2940344D00A9A622 /* LibraryView.swift */ = {isa = PBXFileReference; lastKnownFileType = sourcecode.swift; path = LibraryView.swift; sourceTree = "<group>"; };
		7FD3D7672940542200A9A622 /* ProjectView.swift */ = {isa = PBXFileReference; lastKnownFileType = sourcecode.swift; path = ProjectView.swift; sourceTree = "<group>"; };
		7FD3D769294189D300A9A622 /* SettingView.swift */ = {isa = PBXFileReference; lastKnownFileType = sourcecode.swift; path = SettingView.swift; sourceTree = "<group>"; };
		7FD3D76E2941AFF300A9A622 /* SettingViewModel.swift */ = {isa = PBXFileReference; lastKnownFileType = sourcecode.swift; path = SettingViewModel.swift; sourceTree = "<group>"; };
		7FF1B95D2947077E00F71AA6 /* VideoPlayerController.swift */ = {isa = PBXFileReference; lastKnownFileType = sourcecode.swift; path = VideoPlayerController.swift; sourceTree = "<group>"; };
		7FF1B95F29470FDC00F71AA6 /* ButtonView.swift */ = {isa = PBXFileReference; lastKnownFileType = sourcecode.swift; path = ButtonView.swift; sourceTree = "<group>"; };
/* End PBXFileReference section */

/* Begin PBXFrameworksBuildPhase section */
		7FD3D7482940324100A9A622 /* Frameworks */ = {
			isa = PBXFrameworksBuildPhase;
			buildActionMask = 2147483647;
			files = (
			);
			runOnlyForDeploymentPostprocessing = 0;
		};
/* End PBXFrameworksBuildPhase section */

/* Begin PBXGroup section */
		7FD3D7422940324100A9A622 = {
			isa = PBXGroup;
			children = (
				7FD3D74D2940324100A9A622 /* AutoClip */,
				7FD3D74C2940324100A9A622 /* Products */,
			);
			sourceTree = "<group>";
		};
		7FD3D74C2940324100A9A622 /* Products */ = {
			isa = PBXGroup;
			children = (
				7FD3D74B2940324100A9A622 /* AutoClip.app */,
			);
			name = Products;
			sourceTree = "<group>";
		};
		7FD3D74D2940324100A9A622 /* AutoClip */ = {
			isa = PBXGroup;
			children = (
				7FD3D74E2940324100A9A622 /* AutoClipApp.swift */,
				7FD3D76B2941AFB000A9A622 /* Views */,
				7FD3D76C2941AFB700A9A622 /* ViewModels */,
				7FD3D76D2941AFBD00A9A622 /* Models */,
				7FD3D7522940324500A9A622 /* Assets.xcassets */,
				7FD3D7542940324500A9A622 /* Preview Content */,
			);
			path = AutoClip;
			sourceTree = "<group>";
		};
		7FD3D7542940324500A9A622 /* Preview Content */ = {
			isa = PBXGroup;
			children = (
				7FD3D7552940324500A9A622 /* Preview Assets.xcassets */,
			);
			path = "Preview Content";
			sourceTree = "<group>";
		};
		7FD3D76B2941AFB000A9A622 /* Views */ = {
			isa = PBXGroup;
			children = (
				7FD3D7502940324100A9A622 /* ContentView.swift */,
				7FD3D75E2940344D00A9A622 /* LibraryView.swift */,
				7FD3D769294189D300A9A622 /* SettingView.swift */,
				7FD3D7672940542200A9A622 /* ProjectView.swift */,
				7F3A366C2942BFC200E486EA /* ClipDetectionView.swift */,
				7F1FB94F29528FAF0067181E /* SeekBarView.swift */,
				7FF1B95D2947077E00F71AA6 /* VideoPlayerController.swift */,
				7FF1B95F29470FDC00F71AA6 /* ButtonView.swift */,
			);
			path = Views;
			sourceTree = "<group>";
		};
		7FD3D76C2941AFB700A9A622 /* ViewModels */ = {
			isa = PBXGroup;
			children = (
				7FD3D76E2941AFF300A9A622 /* SettingViewModel.swift */,
			);
			path = ViewModels;
			sourceTree = "<group>";
		};
		7FD3D76D2941AFBD00A9A622 /* Models */ = {
			isa = PBXGroup;
			children = (
			);
			path = Models;
			sourceTree = "<group>";
		};
/* End PBXGroup section */

/* Begin PBXNativeTarget section */
		7FD3D74A2940324100A9A622 /* AutoClip */ = {
			isa = PBXNativeTarget;
			buildConfigurationList = 7FD3D7592940324500A9A622 /* Build configuration list for PBXNativeTarget "AutoClip" */;
			buildPhases = (
				7FD3D7472940324100A9A622 /* Sources */,
				7FD3D7482940324100A9A622 /* Frameworks */,
				7FD3D7492940324100A9A622 /* Resources */,
			);
			buildRules = (
			);
			dependencies = (
			);
			name = AutoClip;
			productName = AutoClip;
			productReference = 7FD3D74B2940324100A9A622 /* AutoClip.app */;
			productType = "com.apple.product-type.application";
		};
/* End PBXNativeTarget section */

/* Begin PBXProject section */
		7FD3D7432940324100A9A622 /* Project object */ = {
			isa = PBXProject;
			attributes = {
				BuildIndependentTargetsInParallel = 1;
				LastSwiftUpdateCheck = 1310;
				LastUpgradeCheck = 1310;
				TargetAttributes = {
					7FD3D74A2940324100A9A622 = {
						CreatedOnToolsVersion = 13.1;
					};
				};
			};
			buildConfigurationList = 7FD3D7462940324100A9A622 /* Build configuration list for PBXProject "AutoClip" */;
			compatibilityVersion = "Xcode 13.0";
			developmentRegion = en;
			hasScannedForEncodings = 0;
			knownRegions = (
				en,
				Base,
			);
			mainGroup = 7FD3D7422940324100A9A622;
			productRefGroup = 7FD3D74C2940324100A9A622 /* Products */;
			projectDirPath = "";
			projectRoot = "";
			targets = (
				7FD3D74A2940324100A9A622 /* AutoClip */,
			);
		};
/* End PBXProject section */

/* Begin PBXResourcesBuildPhase section */
		7FD3D7492940324100A9A622 /* Resources */ = {
			isa = PBXResourcesBuildPhase;
			buildActionMask = 2147483647;
			files = (
				7FD3D7562940324500A9A622 /* Preview Assets.xcassets in Resources */,
				7FD3D7532940324500A9A622 /* Assets.xcassets in Resources */,
			);
			runOnlyForDeploymentPostprocessing = 0;
		};
/* End PBXResourcesBuildPhase section */

/* Begin PBXSourcesBuildPhase section */
		7FD3D7472940324100A9A622 /* Sources */ = {
			isa = PBXSourcesBuildPhase;
			buildActionMask = 2147483647;
			files = (
				7FD3D7512940324100A9A622 /* ContentView.swift in Sources */,
				7FD3D76F2941AFF300A9A622 /* SettingViewModel.swift in Sources */,
				7F3A366D2942BFC200E486EA /* ClipDetectionView.swift in Sources */,
				7FD3D76A294189D400A9A622 /* SettingView.swift in Sources */,
				7F1FB95029528FAF0067181E /* SeekBarView.swift in Sources */,
				7FD3D75F2940344D00A9A622 /* LibraryView.swift in Sources */,
				7FD3D7682940542200A9A622 /* ProjectView.swift in Sources */,
				7FF1B95E2947077E00F71AA6 /* VideoPlayerController.swift in Sources */,
				7FD3D74F2940324100A9A622 /* AutoClipApp.swift in Sources */,
				7FF1B96029470FDD00F71AA6 /* ButtonView.swift in Sources */,
			);
			runOnlyForDeploymentPostprocessing = 0;
		};
/* End PBXSourcesBuildPhase section */

/* Begin XCBuildConfiguration section */
		7FD3D7572940324500A9A622 /* Debug */ = {
			isa = XCBuildConfiguration;
			buildSettings = {
				ALWAYS_SEARCH_USER_PATHS = NO;
				CLANG_ANALYZER_NONNULL = YES;
				CLANG_ANALYZER_NUMBER_OBJECT_CONVERSION = YES_AGGRESSIVE;
				CLANG_CXX_LANGUAGE_STANDARD = "gnu++17";
				CLANG_CXX_LIBRARY = "libc++";
				CLANG_ENABLE_MODULES = YES;
				CLANG_ENABLE_OBJC_ARC = YES;
				CLANG_ENABLE_OBJC_WEAK = YES;
				CLANG_WARN_BLOCK_CAPTURE_AUTORELEASING = YES;
				CLANG_WARN_BOOL_CONVERSION = YES;
				CLANG_WARN_COMMA = YES;
				CLANG_WARN_CONSTANT_CONVERSION = YES;
				CLANG_WARN_DEPRECATED_OBJC_IMPLEMENTATIONS = YES;
				CLANG_WARN_DIRECT_OBJC_ISA_USAGE = YES_ERROR;
				CLANG_WARN_DOCUMENTATION_COMMENTS = YES;
				CLANG_WARN_EMPTY_BODY = YES;
				CLANG_WARN_ENUM_CONVERSION = YES;
				CLANG_WARN_INFINITE_RECURSION = YES;
				CLANG_WARN_INT_CONVERSION = YES;
				CLANG_WARN_NON_LITERAL_NULL_CONVERSION = YES;
				CLANG_WARN_OBJC_IMPLICIT_RETAIN_SELF = YES;
				CLANG_WARN_OBJC_LITERAL_CONVERSION = YES;
				CLANG_WARN_OBJC_ROOT_CLASS = YES_ERROR;
				CLANG_WARN_QUOTED_INCLUDE_IN_FRAMEWORK_HEADER = YES;
				CLANG_WARN_RANGE_LOOP_ANALYSIS = YES;
				CLANG_WARN_STRICT_PROTOTYPES = YES;
				CLANG_WARN_SUSPICIOUS_MOVE = YES;
				CLANG_WARN_UNGUARDED_AVAILABILITY = YES_AGGRESSIVE;
				CLANG_WARN_UNREACHABLE_CODE = YES;
				CLANG_WARN__DUPLICATE_METHOD_MATCH = YES;
				COPY_PHASE_STRIP = NO;
				DEBUG_INFORMATION_FORMAT = dwarf;
				ENABLE_STRICT_OBJC_MSGSEND = YES;
				ENABLE_TESTABILITY = YES;
				GCC_C_LANGUAGE_STANDARD = gnu11;
				GCC_DYNAMIC_NO_PIC = NO;
				GCC_NO_COMMON_BLOCKS = YES;
				GCC_OPTIMIZATION_LEVEL = 0;
				GCC_PREPROCESSOR_DEFINITIONS = (
					"DEBUG=1",
					"$(inherited)",
				);
				GCC_WARN_64_TO_32_BIT_CONVERSION = YES;
				GCC_WARN_ABOUT_RETURN_TYPE = YES_ERROR;
				GCC_WARN_UNDECLARED_SELECTOR = YES;
				GCC_WARN_UNINITIALIZED_AUTOS = YES_AGGRESSIVE;
				GCC_WARN_UNUSED_FUNCTION = YES;
				GCC_WARN_UNUSED_VARIABLE = YES;
				IPHONEOS_DEPLOYMENT_TARGET = 15.0;
				MTL_ENABLE_DEBUG_INFO = INCLUDE_SOURCE;
				MTL_FAST_MATH = YES;
				ONLY_ACTIVE_ARCH = YES;
				SDKROOT = iphoneos;
				SWIFT_ACTIVE_COMPILATION_CONDITIONS = DEBUG;
				SWIFT_OPTIMIZATION_LEVEL = "-Onone";
			};
			name = Debug;
		};
		7FD3D7582940324500A9A622 /* Release */ = {
			isa = XCBuildConfiguration;
			buildSettings = {
				ALWAYS_SEARCH_USER_PATHS = NO;
				CLANG_ANALYZER_NONNULL = YES;
				CLANG_ANALYZER_NUMBER_OBJECT_CONVERSION = YES_AGGRESSIVE;
				CLANG_CXX_LANGUAGE_STANDARD = "gnu++17";
				CLANG_CXX_LIBRARY = "libc++";
				CLANG_ENABLE_MODULES = YES;
				CLANG_ENABLE_OBJC_ARC = YES;
				CLANG_ENABLE_OBJC_WEAK = YES;
				CLANG_WARN_BLOCK_CAPTURE_AUTORELEASING = YES;
				CLANG_WARN_BOOL_CONVERSION = YES;
				CLANG_WARN_COMMA = YES;
				CLANG_WARN_CONSTANT_CONVERSION = YES;
				CLANG_WARN_DEPRECATED_OBJC_IMPLEMENTATIONS = YES;
				CLANG_WARN_DIRECT_OBJC_ISA_USAGE = YES_ERROR;
				CLANG_WARN_DOCUMENTATION_COMMENTS = YES;
				CLANG_WARN_EMPTY_BODY = YES;
				CLANG_WARN_ENUM_CONVERSION = YES;
				CLANG_WARN_INFINITE_RECURSION = YES;
				CLANG_WARN_INT_CONVERSION = YES;
				CLANG_WARN_NON_LITERAL_NULL_CONVERSION = YES;
				CLANG_WARN_OBJC_IMPLICIT_RETAIN_SELF = YES;
				CLANG_WARN_OBJC_LITERAL_CONVERSION = YES;
				CLANG_WARN_OBJC_ROOT_CLASS = YES_ERROR;
				CLANG_WARN_QUOTED_INCLUDE_IN_FRAMEWORK_HEADER = YES;
				CLANG_WARN_RANGE_LOOP_ANALYSIS = YES;
				CLANG_WARN_STRICT_PROTOTYPES = YES;
				CLANG_WARN_SUSPICIOUS_MOVE = YES;
				CLANG_WARN_UNGUARDED_AVAILABILITY = YES_AGGRESSIVE;
				CLANG_WARN_UNREACHABLE_CODE = YES;
				CLANG_WARN__DUPLICATE_METHOD_MATCH = YES;
				COPY_PHASE_STRIP = NO;
				DEBUG_INFORMATION_FORMAT = "dwarf-with-dsym";
				ENABLE_NS_ASSERTIONS = NO;
				ENABLE_STRICT_OBJC_MSGSEND = YES;
				GCC_C_LANGUAGE_STANDARD = gnu11;
				GCC_NO_COMMON_BLOCKS = YES;
				GCC_WARN_64_TO_32_BIT_CONVERSION = YES;
				GCC_WARN_ABOUT_RETURN_TYPE = YES_ERROR;
				GCC_WARN_UNDECLARED_SELECTOR = YES;
				GCC_WARN_UNINITIALIZED_AUTOS = YES_AGGRESSIVE;
				GCC_WARN_UNUSED_FUNCTION = YES;
				GCC_WARN_UNUSED_VARIABLE = YES;
				IPHONEOS_DEPLOYMENT_TARGET = 15.0;
				MTL_ENABLE_DEBUG_INFO = NO;
				MTL_FAST_MATH = YES;
				SDKROOT = iphoneos;
				SWIFT_COMPILATION_MODE = wholemodule;
				SWIFT_OPTIMIZATION_LEVEL = "-O";
				VALIDATE_PRODUCT = YES;
			};
			name = Release;
		};
		7FD3D75A2940324500A9A622 /* Debug */ = {
			isa = XCBuildConfiguration;
			buildSettings = {
				ASSETCATALOG_COMPILER_APPICON_NAME = AppIcon;
				ASSETCATALOG_COMPILER_GLOBAL_ACCENT_COLOR_NAME = AccentColor;
				CODE_SIGN_STYLE = Automatic;
				CURRENT_PROJECT_VERSION = 1;
				DEVELOPMENT_ASSET_PATHS = "\"AutoClip/Preview Content\"";
				DEVELOPMENT_TEAM = Q7P82VN6M3;
				ENABLE_PREVIEWS = YES;
				GENERATE_INFOPLIST_FILE = YES;
				INFOPLIST_KEY_UIApplicationSceneManifest_Generation = YES;
				INFOPLIST_KEY_UIApplicationSupportsIndirectInputEvents = YES;
				INFOPLIST_KEY_UILaunchScreen_Generation = YES;
				INFOPLIST_KEY_UISupportedInterfaceOrientations_iPad = "UIInterfaceOrientationPortrait UIInterfaceOrientationPortraitUpsideDown UIInterfaceOrientationLandscapeLeft UIInterfaceOrientationLandscapeRight";
				INFOPLIST_KEY_UISupportedInterfaceOrientations_iPhone = "UIInterfaceOrientationPortrait UIInterfaceOrientationLandscapeLeft UIInterfaceOrientationLandscapeRight";
				LD_RUNPATH_SEARCH_PATHS = (
					"$(inherited)",
					"@executable_path/Frameworks",
				);
				MARKETING_VERSION = 1.0;
				PRODUCT_BUNDLE_IDENTIFIER = jp.ac.jec.cm.AutoClip;
				PRODUCT_NAME = "$(TARGET_NAME)";
				SWIFT_EMIT_LOC_STRINGS = YES;
				SWIFT_VERSION = 5.0;
				TARGETED_DEVICE_FAMILY = "1,2";
			};
			name = Debug;
		};
		7FD3D75B2940324500A9A622 /* Release */ = {
			isa = XCBuildConfiguration;
			buildSettings = {
				ASSETCATALOG_COMPILER_APPICON_NAME = AppIcon;
				ASSETCATALOG_COMPILER_GLOBAL_ACCENT_COLOR_NAME = AccentColor;
				CODE_SIGN_STYLE = Automatic;
				CURRENT_PROJECT_VERSION = 1;
				DEVELOPMENT_ASSET_PATHS = "\"AutoClip/Preview Content\"";
				DEVELOPMENT_TEAM = Q7P82VN6M3;
				ENABLE_PREVIEWS = YES;
				GENERATE_INFOPLIST_FILE = YES;
				INFOPLIST_KEY_UIApplicationSceneManifest_Generation = YES;
				INFOPLIST_KEY_UIApplicationSupportsIndirectInputEvents = YES;
				INFOPLIST_KEY_UILaunchScreen_Generation = YES;
				INFOPLIST_KEY_UISupportedInterfaceOrientations_iPad = "UIInterfaceOrientationPortrait UIInterfaceOrientationPortraitUpsideDown UIInterfaceOrientationLandscapeLeft UIInterfaceOrientationLandscapeRight";
				INFOPLIST_KEY_UISupportedInterfaceOrientations_iPhone = "UIInterfaceOrientationPortrait UIInterfaceOrientationLandscapeLeft UIInterfaceOrientationLandscapeRight";
				LD_RUNPATH_SEARCH_PATHS = (
					"$(inherited)",
					"@executable_path/Frameworks",
				);
				MARKETING_VERSION = 1.0;
				PRODUCT_BUNDLE_IDENTIFIER = jp.ac.jec.cm.AutoClip;
				PRODUCT_NAME = "$(TARGET_NAME)";
				SWIFT_EMIT_LOC_STRINGS = YES;
				SWIFT_VERSION = 5.0;
				TARGETED_DEVICE_FAMILY = "1,2";
			};
			name = Release;
		};
/* End XCBuildConfiguration section */

/* Begin XCConfigurationList section */
		7FD3D7462940324100A9A622 /* Build configuration list for PBXProject "AutoClip" */ = {
			isa = XCConfigurationList;
			buildConfigurations = (
				7FD3D7572940324500A9A622 /* Debug */,
				7FD3D7582940324500A9A622 /* Release */,
			);
			defaultConfigurationIsVisible = 0;
			defaultConfigurationName = Release;
		};
		7FD3D7592940324500A9A622 /* Build configuration list for PBXNativeTarget "AutoClip" */ = {
			isa = XCConfigurationList;
			buildConfigurations = (
				7FD3D75A2940324500A9A622 /* Debug */,
				7FD3D75B2940324500A9A622 /* Release */,
			);
			defaultConfigurationIsVisible = 0;
			defaultConfigurationName = Release;
		};
/* End XCConfigurationList section */
	};
	rootObject = 7FD3D7432940324100A9A622 /* Project object */;
}
